
Microsoft Visual Studio Solution File, Format Version 12.00
# Visual Studio Version 16
VisualStudioVersion = 16.0.29215.179
MinimumVisualStudioVersion = 10.0.40219.1
Project("{9A19103F-16F7-4668-BE54-9A1E7A4F7556}") = "SampleSQLInjectionDetectionApp", "SampleSQLInjectionDetectionApp.csproj", "{32ADBE8D-2B2D-4B17-9307-A2BDA40B11FA}"
EndProject
Project("{9A19103F-16F7-4668-BE54-9A1E7A4F7556}") = "UnitTestProject1", "UnitTestProject1\UnitTestProject1.csproj", "{9EE32CE7-E753-49BE-A124-F1A500025980}"
EndProject
Global
	GlobalSection(SolutionConfigurationPlatforms) = preSolution
		Debug|Any CPU = Debug|Any CPU
		Release|Any CPU = Release|Any CPU
	EndGlobalSection
	GlobalSection(ProjectConfigurationPlatforms) = postSolution
		{32ADBE8D-2B2D-4B17-9307-A2BDA40B11FA}.Debug|Any CPU.ActiveCfg = Debug|Any CPU
		{32ADBE8D-2B2D-4B17-9307-A2BDA40B11FA}.Debug|Any CPU.Build.0 = Debug|Any CPU
		{32ADBE8D-2B2D-4B17-9307-A2BDA40B11FA}.Release|Any CPU.ActiveCfg = Release|Any CPU
		{32ADBE8D-2B2D-4B17-9307-A2BDA40B11FA}.Release|Any CPU.Build.0 = Release|Any CPU
		{9EE32CE7-E753-49BE-A124-F1A500025980}.Debug|Any CPU.ActiveCfg = Debug|Any CPU
		{9EE32CE7-E753-49BE-A124-F1A500025980}.Debug|Any CPU.Build.0 = Debug|Any CPU
		{9EE32CE7-E753-49BE-A124-F1A500025980}.Release|Any CPU.ActiveCfg = Release|Any CPU
		{9EE32CE7-E753-49BE-A124-F1A500025980}.Release|Any CPU.Build.0 = Release|Any CPU
	EndGlobalSection
	GlobalSection(SolutionProperties) = preSolution
		HideSolutionNode = FALSE
	EndGlobalSection
	GlobalSection(ExtensibilityGlobals) = postSolution
		SolutionGuid = {F6662C87-BCB3-4028-83C0-6C330F2F2B7E}
	EndGlobalSection
EndGlobal
